
Microsoft Visual Studio Solution File, Format Version 12.00
# Visual Studio Version 17
VisualStudioVersion = 17.14.36705.20 d17.14
MinimumVisualStudioVersion = 10.0.40219.1
Project("{FAE04EC0-301F-11D3-BF4B-00C04F79EFBC}") = "ToroidalWorld", "ToroidalWorld\ToroidalWorld.csproj", "{2CBD8B19-603D-4D84-A4CA-3CAF28ADCCEE}"
EndProject
Global
	GlobalSection(SolutionConfigurationPlatforms) = preSolution
		Debug|Any CPU = Debug|Any CPU
		Release|Any CPU = Release|Any CPU
	EndGlobalSection
	GlobalSection(ProjectConfigurationPlatforms) = postSolution
		{2CBD8B19-603D-4D84-A4CA-3CAF28ADCCEE}.Debug|Any CPU.ActiveCfg = Debug|Any CPU
		{2CBD8B19-603D-4D84-A4CA-3CAF28ADCCEE}.Debug|Any CPU.Build.0 = Debug|Any CPU
		{2CBD8B19-603D-4D84-A4CA-3CAF28ADCCEE}.Release|Any CPU.ActiveCfg = Release|Any CPU
		{2CBD8B19-603D-4D84-A4CA-3CAF28ADCCEE}.Release|Any CPU.Build.0 = Release|Any CPU
	EndGlobalSection
	GlobalSection(SolutionProperties) = preSolution
		HideSolutionNode = FALSE
	EndGlobalSection
	GlobalSection(ExtensibilityGlobals) = postSolution
		SolutionGuid = {DA581A56-30E2-4191-A540-0EE23330B3DC}
	EndGlobalSection
EndGlobal
